
Microsoft Visual Studio Solution File, Format Version 12.00
# Visual Studio 2012
Project("{FAE04EC0-301F-11D3-BF4B-00C04F79EFBC}") = "Highway.Pavement", "Highway.Pavement\Highway.Pavement.csproj", "{5B42F0BE-806D-4838-A8BB-00031A32CACD}"
EndProject
Project("{FAE04EC0-301F-11D3-BF4B-00C04F79EFBC}") = "Highway.Pavement.Tests", "Highway.Pavement.Tests\Highway.Pavement.Tests.csproj", "{44AAA653-4692-4E66-ADD4-AE719A8B1EFF}"
EndProject
Global
	GlobalSection(SolutionConfigurationPlatforms) = preSolution
		Debug|Any CPU = Debug|Any CPU
		Release|Any CPU = Release|Any CPU
	EndGlobalSection
	GlobalSection(ProjectConfigurationPlatforms) = postSolution
		{5B42F0BE-806D-4838-A8BB-00031A32CACD}.Debug|Any CPU.ActiveCfg = Debug|Any CPU
		{5B42F0BE-806D-4838-A8BB-00031A32CACD}.Debug|Any CPU.Build.0 = Debug|Any CPU
		{5B42F0BE-806D-4838-A8BB-00031A32CACD}.Release|Any CPU.ActiveCfg = Release|Any CPU
		{5B42F0BE-806D-4838-A8BB-00031A32CACD}.Release|Any CPU.Build.0 = Release|Any CPU
		{44AAA653-4692-4E66-ADD4-AE719A8B1EFF}.Debug|Any CPU.ActiveCfg = Debug|Any CPU
		{44AAA653-4692-4E66-ADD4-AE719A8B1EFF}.Debug|Any CPU.Build.0 = Debug|Any CPU
		{44AAA653-4692-4E66-ADD4-AE719A8B1EFF}.Release|Any CPU.ActiveCfg = Release|Any CPU
		{44AAA653-4692-4E66-ADD4-AE719A8B1EFF}.Release|Any CPU.Build.0 = Release|Any CPU
	EndGlobalSection
	GlobalSection(SolutionProperties) = preSolution
		HideSolutionNode = FALSE
	EndGlobalSection
EndGlobal
