
Microsoft Visual Studio Solution File, Format Version 12.00
# Visual Studio Version 16
VisualStudioVersion = 16.0.29319.158
MinimumVisualStudioVersion = 10.0.40219.1
Project("{FAE04EC0-301F-11D3-BF4B-00C04F79EFBC}") = "Highway.Pavement", "Highway.Pavement\Highway.Pavement.csproj", "{DDEF6E37-A785-45FE-B790-3CCA915F3006}"
EndProject
Project("{FAE04EC0-301F-11D3-BF4B-00C04F79EFBC}") = "Highway.Pavement.Tests", "Highway.Pavement.Tests\Highway.Pavement.Tests.csproj", "{CF63C245-65AC-4A15-A856-B675F030294E}"
EndProject
Global
	GlobalSection(SolutionConfigurationPlatforms) = preSolution
		Debug|Any CPU = Debug|Any CPU
		Release|Any CPU = Release|Any CPU
	EndGlobalSection
	GlobalSection(ProjectConfigurationPlatforms) = postSolution
		{DDEF6E37-A785-45FE-B790-3CCA915F3006}.Debug|Any CPU.ActiveCfg = Debug|Any CPU
		{DDEF6E37-A785-45FE-B790-3CCA915F3006}.Debug|Any CPU.Build.0 = Debug|Any CPU
		{DDEF6E37-A785-45FE-B790-3CCA915F3006}.Release|Any CPU.ActiveCfg = Release|Any CPU
		{DDEF6E37-A785-45FE-B790-3CCA915F3006}.Release|Any CPU.Build.0 = Release|Any CPU
		{CF63C245-65AC-4A15-A856-B675F030294E}.Debug|Any CPU.ActiveCfg = Debug|Any CPU
		{CF63C245-65AC-4A15-A856-B675F030294E}.Debug|Any CPU.Build.0 = Debug|Any CPU
		{CF63C245-65AC-4A15-A856-B675F030294E}.Release|Any CPU.ActiveCfg = Release|Any CPU
		{CF63C245-65AC-4A15-A856-B675F030294E}.Release|Any CPU.Build.0 = Release|Any CPU
	EndGlobalSection
	GlobalSection(SolutionProperties) = preSolution
		HideSolutionNode = FALSE
	EndGlobalSection
	GlobalSection(ExtensibilityGlobals) = postSolution
		SolutionGuid = {A8629126-22A5-4B13-BBFB-D2AA2B7117CF}
	EndGlobalSection
EndGlobal
